# @generated - this file is auto-generated by `mise lock` https://mise.en.dev/dev-tools/mise-lock.html

[[tools."aqua:zellij-org/zellij"]]
version = "0.44.3"
backend = "aqua:zellij-org/zellij"

[tools."aqua:zellij-org/zellij"."platforms.linux-arm64"]
checksum = "sha256:15e6534d42644d66973d136c590c49739dcfd6a1a2a0d3d917973f16c81b45fb"
url = "https://github.com/zellij-org/zellij/releases/download/v0.44.3/zellij-aarch64-unknown-linux-musl.tar.gz"

[tools."aqua:zellij-org/zellij"."platforms.linux-arm64-musl"]
checksum = "sha256:15e6534d42644d66973d136c590c49739dcfd6a1a2a0d3d917973f16c81b45fb"
url = "https://github.com/zellij-org/zellij/releases/download/v0.44.3/zellij-aarch64-unknown-linux-musl.tar.gz"

[tools."aqua:zellij-org/zellij"."platforms.linux-x64"]
checksum = "sha256:0f7c346788627f506c0a28296517768633cff24fc822a739f8264b640ecad751"
url = "https://github.com/zellij-org/zellij/releases/download/v0.44.3/zellij-x86_64-unknown-linux-musl.tar.gz"

[tools."aqua:zellij-org/zellij"."platforms.linux-x64-musl"]
checksum = "sha256:0f7c346788627f506c0a28296517768633cff24fc822a739f8264b640ecad751"
url = "https://github.com/zellij-org/zellij/releases/download/v0.44.3/zellij-x86_64-unknown-linux-musl.tar.gz"

[tools."aqua:zellij-org/zellij"."platforms.macos-arm64"]
checksum = "sha256:b6acf83a7739cf5f0f4e9bd47709642d4d98acbbf8c34d4a12c6e706f531da61"
url = "https://github.com/zellij-org/zellij/releases/download/v0.44.3/zellij-aarch64-apple-darwin.tar.gz"

[tools."aqua:zellij-org/zellij"."platforms.macos-x64"]
checksum = "sha256:59f803faa32cd4e5f316f0dc2d3b7a5530a72553e38ad939286471848a418eeb"
url = "https://github.com/zellij-org/zellij/releases/download/v0.44.3/zellij-x86_64-apple-darwin.tar.gz"

[tools."aqua:zellij-org/zellij"."platforms.windows-x64"]
checksum = "sha256:45f25febb588d36f499232b3ba80a9edcde3b3a2a85bebb105a82457b0ca6aef"
url = "https://github.com/zellij-org/zellij/releases/download/v0.44.3/zellij-x86_64-pc-windows-msvc.zip"

[[tools."github:msmps/pilotty"]]
version = "0.0.7"
backend = "github:msmps/pilotty"

[tools."github:msmps/pilotty"."platforms.linux-arm64"]
checksum = "sha256:e1288a9993e5b54c4f5539aa38ccff4c4dd529b56b7fbb08e06d204eb280ead0"
url = "https://github.com/msmps/pilotty/releases/download/v0.0.7/pilotty-aarch64-unknown-linux-gnu.tar.gz"
url_api = "https://api.github.com/repos/msmps/pilotty/releases/assets/348349437"

[tools."github:msmps/pilotty"."platforms.linux-arm64-musl"]
checksum = "sha256:e1288a9993e5b54c4f5539aa38ccff4c4dd529b56b7fbb08e06d204eb280ead0"
url = "https://github.com/msmps/pilotty/releases/download/v0.0.7/pilotty-aarch64-unknown-linux-gnu.tar.gz"
url_api = "https://api.github.com/repos/msmps/pilotty/releases/assets/348349437"

[tools."github:msmps/pilotty"."platforms.linux-x64"]
checksum = "sha256:d1bd95137cf358e78ddfdda37ae9b4e90aac16fc3bc1bee0b42ed2eb39d712cb"
url = "https://github.com/msmps/pilotty/releases/download/v0.0.7/pilotty-x86_64-unknown-linux-gnu.tar.gz"
url_api = "https://api.github.com/repos/msmps/pilotty/releases/assets/348349438"

[tools."github:msmps/pilotty"."platforms.linux-x64-musl"]
checksum = "sha256:d1bd95137cf358e78ddfdda37ae9b4e90aac16fc3bc1bee0b42ed2eb39d712cb"
url = "https://github.com/msmps/pilotty/releases/download/v0.0.7/pilotty-x86_64-unknown-linux-gnu.tar.gz"
url_api = "https://api.github.com/repos/msmps/pilotty/releases/assets/348349438"

[tools."github:msmps/pilotty"."platforms.macos-arm64"]
checksum = "sha256:04c52b305e1f52fb15022c026d231d655e4b28a9e2dc7aff779302d2f85573ef"
url = "https://github.com/msmps/pilotty/releases/download/v0.0.7/pilotty-aarch64-apple-darwin.tar.gz"
url_api = "https://api.github.com/repos/msmps/pilotty/releases/assets/348349436"

[tools."github:msmps/pilotty"."platforms.macos-x64"]
checksum = "sha256:9acf2a8aeff44a08fa2d06466999d5c174ba954b2d4b549a94c00cc3aaab6f08"
url = "https://github.com/msmps/pilotty/releases/download/v0.0.7/pilotty-x86_64-apple-darwin.tar.gz"
url_api = "https://api.github.com/repos/msmps/pilotty/releases/assets/348349435"

[[tools.rust]]
version = "1.95.0"
backend = "core:rust"
